
Microsoft Visual Studio Solution File, Format Version 12.00
# Visual Studio Version 17
VisualStudioVersion = 17.3.32922.545
MinimumVisualStudioVersion = 10.0.40219.1
Project("{FAE04EC0-301F-11D3-BF4B-00C04F79EFBC}") = "VillainNames", "VillainNames\VillainNames.csproj", "{19D15E9A-62FC-4A75-B82B-2FEA96D28FA0}"
EndProject
Project("{FAE04EC0-301F-11D3-BF4B-00C04F79EFBC}") = "MinionNames", "MinionNames\MinionNames.csproj", "{A2661711-8669-41DB-82F3-41FCC5430AD0}"
EndProject
Project("{FAE04EC0-301F-11D3-BF4B-00C04F79EFBC}") = "AddMinion", "AddMinion\AddMinion.csproj", "{5DD28D35-0ABA-479A-839C-B6FBB81D2538}"
EndProject
Global
	GlobalSection(SolutionConfigurationPlatforms) = preSolution
		Debug|Any CPU = Debug|Any CPU
		Release|Any CPU = Release|Any CPU
	EndGlobalSection
	GlobalSection(ProjectConfigurationPlatforms) = postSolution
		{19D15E9A-62FC-4A75-B82B-2FEA96D28FA0}.Debug|Any CPU.ActiveCfg = Debug|Any CPU
		{19D15E9A-62FC-4A75-B82B-2FEA96D28FA0}.Debug|Any CPU.Build.0 = Debug|Any CPU
		{19D15E9A-62FC-4A75-B82B-2FEA96D28FA0}.Release|Any CPU.ActiveCfg = Release|Any CPU
		{19D15E9A-62FC-4A75-B82B-2FEA96D28FA0}.Release|Any CPU.Build.0 = Release|Any CPU
		{A2661711-8669-41DB-82F3-41FCC5430AD0}.Debug|Any CPU.ActiveCfg = Debug|Any CPU
		{A2661711-8669-41DB-82F3-41FCC5430AD0}.Debug|Any CPU.Build.0 = Debug|Any CPU
		{A2661711-8669-41DB-82F3-41FCC5430AD0}.Release|Any CPU.ActiveCfg = Release|Any CPU
		{A2661711-8669-41DB-82F3-41FCC5430AD0}.Release|Any CPU.Build.0 = Release|Any CPU
		{5DD28D35-0ABA-479A-839C-B6FBB81D2538}.Debug|Any CPU.ActiveCfg = Debug|Any CPU
		{5DD28D35-0ABA-479A-839C-B6FBB81D2538}.Debug|Any CPU.Build.0 = Debug|Any CPU
		{5DD28D35-0ABA-479A-839C-B6FBB81D2538}.Release|Any CPU.ActiveCfg = Release|Any CPU
		{5DD28D35-0ABA-479A-839C-B6FBB81D2538}.Release|Any CPU.Build.0 = Release|Any CPU
	EndGlobalSection
	GlobalSection(SolutionProperties) = preSolution
		HideSolutionNode = FALSE
	EndGlobalSection
	GlobalSection(ExtensibilityGlobals) = postSolution
		SolutionGuid = {F40234C9-E208-4498-BD3E-860299379F9D}
	EndGlobalSection
EndGlobal
